// !$*UTF8*$!
{
	archiveVersion = 1;
	classes = {
	};
	objectVersion = 46;
	objects = {

/* Begin PBXBuildFile section */
		0D0C52B01D257A840036F8A5 /* PreviewModel.swift in Sources */ = {isa = PBXBuildFile; fileRef = 0D0C52AF1D257A840036F8A5 /* PreviewModel.swift */; };
		0D1707B01D7090C6007675E1 /* Hannotate.ttc in Resources */ = {isa = PBXBuildFile; fileRef = 0D1707AD1D7090C6007675E1 /* Hannotate.ttc */; };
		0D2B80BB1D3BB2F9007FBB8A /* GLOBAL_VAR.swift in Sources */ = {isa = PBXBuildFile; fileRef = 0D2B80BA1D3BB2F9007FBB8A /* GLOBAL_VAR.swift */; };
		0D2B80BD1D3C70B2007FBB8A /* AboutUsViewController.swift in Sources */ = {isa = PBXBuildFile; fileRef = 0D2B80BC1D3C70B2007FBB8A /* AboutUsViewController.swift */; };
		0D2B9B2C1D387723006559F1 /* NotificationViewController.swift in Sources */ = {isa = PBXBuildFile; fileRef = 0D2B9B2B1D387723006559F1 /* NotificationViewController.swift */; };
		0D2B9B2F1D3887A9006559F1 /* NotificationPreviewModel.swift in Sources */ = {isa = PBXBuildFile; fileRef = 0D2B9B2E1D3887A9006559F1 /* NotificationPreviewModel.swift */; };
		0D32FEAE1D3DBC99008E79CD /* NewMessageInformViewController.swift in Sources */ = {isa = PBXBuildFile; fileRef = 0D32FEAD1D3DBC99008E79CD /* NewMessageInformViewController.swift */; };
		0D32FEB01D3DD0A2008E79CD /* FeedBackViewController.swift in Sources */ = {isa = PBXBuildFile; fileRef = 0D32FEAF1D3DD0A2008E79CD /* FeedBackViewController.swift */; };
		0D49900A1D48B8BD0007D99B /* PresentRoomDetailViewController.swift in Sources */ = {isa = PBXBuildFile; fileRef = 0D4990091D48B8BD0007D99B /* PresentRoomDetailViewController.swift */; };
		0D7262B01D3755AC00ACB2B9 /* StaticItemModel.swift in Sources */ = {isa = PBXBuildFile; fileRef = 0D7262AF1D3755AC00ACB2B9 /* StaticItemModel.swift */; };
		0D7262B41D37E6BA00ACB2B9 /* GeneralDetailController.swift in Sources */ = {isa = PBXBuildFile; fileRef = 0D7262B31D37E6BA00ACB2B9 /* GeneralDetailController.swift */; };
		0D77858D1D53444900A74A30 /* MapKit.framework in Frameworks */ = {isa = PBXBuildFile; fileRef = 0D77858C1D53444900A74A30 /* MapKit.framework */; };
		0D7785921D534B7400A74A30 /* NearbyViewController.swift in Sources */ = {isa = PBXBuildFile; fileRef = 0D7785911D534B7400A74A30 /* NearbyViewController.swift */; };
		0D7FBC381CE80A6800775FCA /* AppDelegate.swift in Sources */ = {isa = PBXBuildFile; fileRef = 0D7FBC371CE80A6800775FCA /* AppDelegate.swift */; };
		0D7FBC3A1CE80A6800775FCA /* MushroomViewController.swift in Sources */ = {isa = PBXBuildFile; fileRef = 0D7FBC391CE80A6800775FCA /* MushroomViewController.swift */; };
		0D7FBC3C1CE80A6800775FCA /* WeatherViewController.swift in Sources */ = {isa = PBXBuildFile; fileRef = 0D7FBC3B1CE80A6800775FCA /* WeatherViewController.swift */; };
		0D7FBC3F1CE80A6900775FCA /* Main.storyboard in Resources */ = {isa = PBXBuildFile; fileRef = 0D7FBC3D1CE80A6900775FCA /* Main.storyboard */; };
		0D7FBC411CE80A6900775FCA /* Assets.xcassets in Resources */ = {isa = PBXBuildFile; fileRef = 0D7FBC401CE80A6900775FCA /* Assets.xcassets */; };
		0D7FBC441CE80A6900775FCA /* LaunchScreen.storyboard in Resources */ = {isa = PBXBuildFile; fileRef = 0D7FBC421CE80A6900775FCA /* LaunchScreen.storyboard */; };
		0D7FBC4F1CE80A6900775FCA /* ___Tests.swift in Sources */ = {isa = PBXBuildFile; fileRef = 0D7FBC4E1CE80A6900775FCA /* ___Tests.swift */; };
		0D7FBC5A1CE80A6900775FCA /* ___UITests.swift in Sources */ = {isa = PBXBuildFile; fileRef = 0D7FBC591CE80A6900775FCA /* ___UITests.swift */; };
		0D7FBC6F1CE80C7000775FCA /* UserViewController.swift in Sources */ = {isa = PBXBuildFile; fileRef = 0D7FBC6E1CE80C7000775FCA /* UserViewController.swift */; };
		0D7FBC731CE814EB00775FCA /* ChooseAreaViewController.swift in Sources */ = {isa = PBXBuildFile; fileRef = 0D7FBC721CE814EB00775FCA /* ChooseAreaViewController.swift */; };
		0D7FBC751CE8152200775FCA /* ChooseAreaModel.swift in Sources */ = {isa = PBXBuildFile; fileRef = 0D7FBC741CE8152200775FCA /* ChooseAreaModel.swift */; };
		0D8197261CEC8E3600CE0211 /* RoomInfoModel.swift in Sources */ = {isa = PBXBuildFile; fileRef = 0D8197251CEC8E3600CE0211 /* RoomInfoModel.swift */; };
		0D8606A81D62BF8E00CE3905 /* Page_1_MushRoom.storyboard in Resources */ = {isa = PBXBuildFile; fileRef = 0D8606A61D62BF8E00CE3905 /* Page_1_MushRoom.storyboard */; };
		0D8606AB1D62BFCC00CE3905 /* Page_2_Weather.storyboard in Resources */ = {isa = PBXBuildFile; fileRef = 0D8606A91D62BFCC00CE3905 /* Page_2_Weather.storyboard */; };
		0D8606AE1D62C02300CE3905 /* Page_3_User.storyboard in Resources */ = {isa = PBXBuildFile; fileRef = 0D8606AC1D62C02300CE3905 /* Page_3_User.storyboard */; };
		0D9CE9851D40548F004E1B27 /* PublicStaticMethods.swift in Sources */ = {isa = PBXBuildFile; fileRef = 0D9CE9841D40548F004E1B27 /* PublicStaticMethods.swift */; };
		0D9CE9871D419F6F004E1B27 /* AccountViewController.swift in Sources */ = {isa = PBXBuildFile; fileRef = 0D9CE9861D419F6F004E1B27 /* AccountViewController.swift */; };
		0D9CE9891D41AE6F004E1B27 /* EditProfilesViewController.swift in Sources */ = {isa = PBXBuildFile; fileRef = 0D9CE9881D41AE6F004E1B27 /* EditProfilesViewController.swift */; };
		0DB3ABE11D71516B0072E5F0 /* XWConst.swift in Sources */ = {isa = PBXBuildFile; fileRef = 0DB3ABD01D71516B0072E5F0 /* XWConst.swift */; };
		0DB3ABE21D71516B0072E5F0 /* XWRefreshComponent.swift in Sources */ = {isa = PBXBuildFile; fileRef = 0DB3ABD11D71516B0072E5F0 /* XWRefreshComponent.swift */; };
		0DB3ABE31D71516B0072E5F0 /* XWShortcutMethod.swift in Sources */ = {isa = PBXBuildFile; fileRef = 0DB3ABD21D71516B0072E5F0 /* XWShortcutMethod.swift */; };
		0DB3ABE41D71516B0072E5F0 /* XWRefreshAutoFooter.swift in Sources */ = {isa = PBXBuildFile; fileRef = 0DB3ABD41D71516B0072E5F0 /* XWRefreshAutoFooter.swift */; };
		0DB3ABE51D71516B0072E5F0 /* XWRefreshAutoNormalFooter.swift in Sources */ = {isa = PBXBuildFile; fileRef = 0DB3ABD51D71516B0072E5F0 /* XWRefreshAutoNormalFooter.swift */; };
		0DB3ABE61D71516B0072E5F0 /* XWRefreshAutoStateFooter.swift in Sources */ = {isa = PBXBuildFile; fileRef = 0DB3ABD61D71516B0072E5F0 /* XWRefreshAutoStateFooter.swift */; };
		0DB3ABE71D71516B0072E5F0 /* XWRefreshFooter.swift in Sources */ = {isa = PBXBuildFile; fileRef = 0DB3ABD71D71516B0072E5F0 /* XWRefreshFooter.swift */; };
		0DB3ABE81D71516B0072E5F0 /* XWRefreshGifHeader.swift in Sources */ = {isa = PBXBuildFile; fileRef = 0DB3ABD91D71516B0072E5F0 /* XWRefreshGifHeader.swift */; };
		0DB3ABE91D71516B0072E5F0 /* XWRefreshHeader.swift in Sources */ = {isa = PBXBuildFile; fileRef = 0DB3ABDA1D71516B0072E5F0 /* XWRefreshHeader.swift */; };
		0DB3ABEA1D71516B0072E5F0 /* XWRefreshNormalHeader.swift in Sources */ = {isa = PBXBuildFile; fileRef = 0DB3ABDB1D71516B0072E5F0 /* XWRefreshNormalHeader.swift */; };
		0DB3ABEB1D71516B0072E5F0 /* XWRefreshStateHeader.swift in Sources */ = {isa = PBXBuildFile; fileRef = 0DB3ABDC1D71516B0072E5F0 /* XWRefreshStateHeader.swift */; };
		0DB3ABEC1D71516B0072E5F0 /* UIScrollViewExtension-XW.swift in Sources */ = {isa = PBXBuildFile; fileRef = 0DB3ABDE1D71516B0072E5F0 /* UIScrollViewExtension-XW.swift */; };
		0DB3ABED1D71516B0072E5F0 /* xw_icon.bundle in Resources */ = {isa = PBXBuildFile; fileRef = 0DB3ABE01D71516B0072E5F0 /* xw_icon.bundle */; };
		0DC5263E1D61F88600B30F87 /* icon.jpg in Resources */ = {isa = PBXBuildFile; fileRef = 0DC5263D1D61F88600B30F87 /* icon.jpg */; };
		0DF373F81D6DA81100AC5E6B /* ShowMapViewController.swift in Sources */ = {isa = PBXBuildFile; fileRef = 0DF373F71D6DA81100AC5E6B /* ShowMapViewController.swift */; };
		0DF6899F1D41BD3C001FC45A /* UserProfileModel.swift in Sources */ = {isa = PBXBuildFile; fileRef = 0DF6899E1D41BD3C001FC45A /* UserProfileModel.swift */; };
		0DF689A11D41E6A9001FC45A /* FaceShowViewController.swift in Sources */ = {isa = PBXBuildFile; fileRef = 0DF689A01D41E6A9001FC45A /* FaceShowViewController.swift */; };
		0DF689A31D41EFEF001FC45A /* EditOtherViewController.swift in Sources */ = {isa = PBXBuildFile; fileRef = 0DF689A21D41EFEF001FC45A /* EditOtherViewController.swift */; };
/* End PBXBuildFile section */

/* Begin PBXContainerItemProxy section */
		0D7FBC4B1CE80A6900775FCA /* PBXContainerItemProxy */ = {
			isa = PBXContainerItemProxy;
			containerPortal = 0D7FBC2C1CE80A6800775FCA /* Project object */;
			proxyType = 1;
			remoteGlobalIDString = 0D7FBC331CE80A6800775FCA;
			remoteInfo = "蘑菇房";
		};
		0D7FBC561CE80A6900775FCA /* PBXContainerItemProxy */ = {
			isa = PBXContainerItemProxy;
			containerPortal = 0D7FBC2C1CE80A6800775FCA /* Project object */;
			proxyType = 1;
			remoteGlobalIDString = 0D7FBC331CE80A6800775FCA;
			remoteInfo = "蘑菇房";
		};
/* End PBXContainerItemProxy section */

/* Begin PBXFileReference section */
		0D0C52AF1D257A840036F8A5 /* PreviewModel.swift */ = {isa = PBXFileReference; fileEncoding = 4; lastKnownFileType = sourcecode.swift; path = PreviewModel.swift; sourceTree = "<group>"; };
		0D1707AD1D7090C6007675E1 /* Hannotate.ttc */ = {isa = PBXFileReference; lastKnownFileType = file; path = Hannotate.ttc; sourceTree = "<group>"; };
		0D2B80BA1D3BB2F9007FBB8A /* GLOBAL_VAR.swift */ = {isa = PBXFileReference; fileEncoding = 4; lastKnownFileType = sourcecode.swift; path = GLOBAL_VAR.swift; sourceTree = "<group>"; };
		0D2B80BC1D3C70B2007FBB8A /* AboutUsViewController.swift */ = {isa = PBXFileReference; fileEncoding = 4; lastKnownFileType = sourcecode.swift; path = AboutUsViewController.swift; sourceTree = "<group>"; };
		0D2B9B2B1D387723006559F1 /* NotificationViewController.swift */ = {isa = PBXFileReference; fileEncoding = 4; lastKnownFileType = sourcecode.swift; path = NotificationViewController.swift; sourceTree = "<group>"; };
		0D2B9B2E1D3887A9006559F1 /* NotificationPreviewModel.swift */ = {isa = PBXFileReference; fileEncoding = 4; lastKnownFileType = sourcecode.swift; path = NotificationPreviewModel.swift; sourceTree = "<group>"; };
		0D32FEAD1D3DBC99008E79CD /* NewMessageInformViewController.swift */ = {isa = PBXFileReference; fileEncoding = 4; lastKnownFileType = sourcecode.swift; path = NewMessageInformViewController.swift; sourceTree = "<group>"; };
		0D32FEAF1D3DD0A2008E79CD /* FeedBackViewController.swift */ = {isa = PBXFileReference; fileEncoding = 4; lastKnownFileType = sourcecode.swift; path = FeedBackViewController.swift; sourceTree = "<group>"; };
		0D4990091D48B8BD0007D99B /* PresentRoomDetailViewController.swift */ = {isa = PBXFileReference; fileEncoding = 4; lastKnownFileType = sourcecode.swift; path = PresentRoomDetailViewController.swift; sourceTree = "<group>"; };
		0D7262AF1D3755AC00ACB2B9 /* StaticItemModel.swift */ = {isa = PBXFileReference; fileEncoding = 4; lastKnownFileType = sourcecode.swift; path = StaticItemModel.swift; sourceTree = "<group>"; };
		0D7262B31D37E6BA00ACB2B9 /* GeneralDetailController.swift */ = {isa = PBXFileReference; fileEncoding = 4; lastKnownFileType = sourcecode.swift; path = GeneralDetailController.swift; sourceTree = "<group>"; };
		0D77858C1D53444900A74A30 /* MapKit.framework */ = {isa = PBXFileReference; lastKnownFileType = wrapper.framework; name = MapKit.framework; path = System/Library/Frameworks/MapKit.framework; sourceTree = SDKROOT; };
		0D7785911D534B7400A74A30 /* NearbyViewController.swift */ = {isa = PBXFileReference; fileEncoding = 4; lastKnownFileType = sourcecode.swift; path = NearbyViewController.swift; sourceTree = "<group>"; };
		0D7FBC341CE80A6800775FCA /* 蘑菇房.app */ = {isa = PBXFileReference; explicitFileType = wrapper.application; includeInIndex = 0; path = "蘑菇房.app"; sourceTree = BUILT_PRODUCTS_DIR; };
		0D7FBC371CE80A6800775FCA /* AppDelegate.swift */ = {isa = PBXFileReference; lastKnownFileType = sourcecode.swift; path = AppDelegate.swift; sourceTree = "<group>"; };
		0D7FBC391CE80A6800775FCA /* MushroomViewController.swift */ = {isa = PBXFileReference; lastKnownFileType = sourcecode.swift; path = MushroomViewController.swift; sourceTree = "<group>"; };
		0D7FBC3B1CE80A6800775FCA /* WeatherViewController.swift */ = {isa = PBXFileReference; lastKnownFileType = sourcecode.swift; path = WeatherViewController.swift; sourceTree = "<group>"; };
		0D7FBC3E1CE80A6900775FCA /* Base */ = {isa = PBXFileReference; lastKnownFileType = file.storyboard; name = Base; path = Base.lproj/Main.storyboard; sourceTree = "<group>"; };
		0D7FBC401CE80A6900775FCA /* Assets.xcassets */ = {isa = PBXFileReference; lastKnownFileType = folder.assetcatalog; path = Assets.xcassets; sourceTree = "<group>"; };
		0D7FBC431CE80A6900775FCA /* Base */ = {isa = PBXFileReference; lastKnownFileType = file.storyboard; name = Base; path = Base.lproj/LaunchScreen.storyboard; sourceTree = "<group>"; };
		0D7FBC451CE80A6900775FCA /* Info.plist */ = {isa = PBXFileReference; lastKnownFileType = text.plist.xml; path = Info.plist; sourceTree = "<group>"; };
		0D7FBC4A1CE80A6900775FCA /* 蘑菇房Tests.xctest */ = {isa = PBXFileReference; explicitFileType = wrapper.cfbundle; includeInIndex = 0; path = "蘑菇房Tests.xctest"; sourceTree = BUILT_PRODUCTS_DIR; };
		0D7FBC4E1CE80A6900775FCA /* ___Tests.swift */ = {isa = PBXFileReference; lastKnownFileType = sourcecode.swift; path = "___Tests.swift"; sourceTree = "<group>"; };
		0D7FBC501CE80A6900775FCA /* Info.plist */ = {isa = PBXFileReference; lastKnownFileType = text.plist.xml; path = Info.plist; sourceTree = "<group>"; };
		0D7FBC551CE80A6900775FCA /* 蘑菇房UITests.xctest */ = {isa = PBXFileReference; explicitFileType = wrapper.cfbundle; includeInIndex = 0; path = "蘑菇房UITests.xctest"; sourceTree = BUILT_PRODUCTS_DIR; };
		0D7FBC591CE80A6900775FCA /* ___UITests.swift */ = {isa = PBXFileReference; lastKnownFileType = sourcecode.swift; path = "___UITests.swift"; sourceTree = "<group>"; };
		0D7FBC5B1CE80A6900775FCA /* Info.plist */ = {isa = PBXFileReference; lastKnownFileType = text.plist.xml; path = Info.plist; sourceTree = "<group>"; };
		0D7FBC6E1CE80C7000775FCA /* UserViewController.swift */ = {isa = PBXFileReference; fileEncoding = 4; lastKnownFileType = sourcecode.swift; path = UserViewController.swift; sourceTree = "<group>"; };
		0D7FBC721CE814EB00775FCA /* ChooseAreaViewController.swift */ = {isa = PBXFileReference; fileEncoding = 4; lastKnownFileType = sourcecode.swift; path = ChooseAreaViewController.swift; sourceTree = "<group>"; };
		0D7FBC741CE8152200775FCA /* ChooseAreaModel.swift */ = {isa = PBXFileReference; fileEncoding = 4; lastKnownFileType = sourcecode.swift; path = ChooseAreaModel.swift; sourceTree = "<group>"; };
		0D8197251CEC8E3600CE0211 /* RoomInfoModel.swift */ = {isa = PBXFileReference; fileEncoding = 4; lastKnownFileType = sourcecode.swift; path = RoomInfoModel.swift; sourceTree = "<group>"; };
		0D8606A71D62BF8E00CE3905 /* Base */ = {isa = PBXFileReference; lastKnownFileType = file.storyboard; name = Base; path = Base.lproj/Page_1_MushRoom.storyboard; sourceTree = "<group>"; };
		0D8606AA1D62BFCC00CE3905 /* Base */ = {isa = PBXFileReference; lastKnownFileType = file.storyboard; name = Base; path = Base.lproj/Page_2_Weather.storyboard; sourceTree = "<group>"; };
		0D8606AD1D62C02300CE3905 /* Base */ = {isa = PBXFileReference; lastKnownFileType = file.storyboard; name = Base; path = Base.lproj/Page_3_User.storyboard; sourceTree = "<group>"; };
		0D9CE9841D40548F004E1B27 /* PublicStaticMethods.swift */ = {isa = PBXFileReference; fileEncoding = 4; lastKnownFileType = sourcecode.swift; path = PublicStaticMethods.swift; sourceTree = "<group>"; };
		0D9CE9861D419F6F004E1B27 /* AccountViewController.swift */ = {isa = PBXFileReference; fileEncoding = 4; lastKnownFileType = sourcecode.swift; path = AccountViewController.swift; sourceTree = "<group>"; };
		0D9CE9881D41AE6F004E1B27 /* EditProfilesViewController.swift */ = {isa = PBXFileReference; fileEncoding = 4; lastKnownFileType = sourcecode.swift; path = EditProfilesViewController.swift; sourceTree = "<group>"; };
		0DB3ABD01D71516B0072E5F0 /* XWConst.swift */ = {isa = PBXFileReference; fileEncoding = 4; lastKnownFileType = sourcecode.swift; path = XWConst.swift; sourceTree = "<group>"; };
		0DB3ABD11D71516B0072E5F0 /* XWRefreshComponent.swift */ = {isa = PBXFileReference; fileEncoding = 4; lastKnownFileType = sourcecode.swift; path = XWRefreshComponent.swift; sourceTree = "<group>"; };
		0DB3ABD21D71516B0072E5F0 /* XWShortcutMethod.swift */ = {isa = PBXFileReference; fileEncoding = 4; lastKnownFileType = sourcecode.swift; path = XWShortcutMethod.swift; sourceTree = "<group>"; };
		0DB3ABD41D71516B0072E5F0 /* XWRefreshAutoFooter.swift */ = {isa = PBXFileReference; fileEncoding = 4; lastKnownFileType = sourcecode.swift; path = XWRefreshAutoFooter.swift; sourceTree = "<group>"; };
		0DB3ABD51D71516B0072E5F0 /* XWRefreshAutoNormalFooter.swift */ = {isa = PBXFileReference; fileEncoding = 4; lastKnownFileType = sourcecode.swift; path = XWRefreshAutoNormalFooter.swift; sourceTree = "<group>"; };
		0DB3ABD61D71516B0072E5F0 /* XWRefreshAutoStateFooter.swift */ = {isa = PBXFileReference; fileEncoding = 4; lastKnownFileType = sourcecode.swift; path = XWRefreshAutoStateFooter.swift; sourceTree = "<group>"; };
		0DB3ABD71D71516B0072E5F0 /* XWRefreshFooter.swift */ = {isa = PBXFileReference; fileEncoding = 4; lastKnownFileType = sourcecode.swift; path = XWRefreshFooter.swift; sourceTree = "<group>"; };
		0DB3ABD91D71516B0072E5F0 /* XWRefreshGifHeader.swift */ = {isa = PBXFileReference; fileEncoding = 4; lastKnownFileType = sourcecode.swift; path = XWRefreshGifHeader.swift; sourceTree = "<group>"; };
		0DB3ABDA1D71516B0072E5F0 /* XWRefreshHeader.swift */ = {isa = PBXFileReference; fileEncoding = 4; lastKnownFileType = sourcecode.swift; path = XWRefreshHeader.swift; sourceTree = "<group>"; };
		0DB3ABDB1D71516B0072E5F0 /* XWRefreshNormalHeader.swift */ = {isa = PBXFileReference; fileEncoding = 4; lastKnownFileType = sourcecode.swift; path = XWRefreshNormalHeader.swift; sourceTree = "<group>"; };
		0DB3ABDC1D71516B0072E5F0 /* XWRefreshStateHeader.swift */ = {isa = PBXFileReference; fileEncoding = 4; lastKnownFileType = sourcecode.swift; path = XWRefreshStateHeader.swift; sourceTree = "<group>"; };
		0DB3ABDE1D71516B0072E5F0 /* UIScrollViewExtension-XW.swift */ = {isa = PBXFileReference; fileEncoding = 4; lastKnownFileType = sourcecode.swift; path = "UIScrollViewExtension-XW.swift"; sourceTree = "<group>"; };
		0DB3ABE01D71516B0072E5F0 /* xw_icon.bundle */ = {isa = PBXFileReference; lastKnownFileType = "wrapper.plug-in"; path = xw_icon.bundle; sourceTree = "<group>"; };
		0DC5263D1D61F88600B30F87 /* icon.jpg */ = {isa = PBXFileReference; lastKnownFileType = image.jpeg; path = icon.jpg; sourceTree = "<group>"; };
		0DF373F71D6DA81100AC5E6B /* ShowMapViewController.swift */ = {isa = PBXFileReference; fileEncoding = 4; lastKnownFileType = sourcecode.swift; path = ShowMapViewController.swift; sourceTree = "<group>"; };
		0DF6899E1D41BD3C001FC45A /* UserProfileModel.swift */ = {isa = PBXFileReference; fileEncoding = 4; lastKnownFileType = sourcecode.swift; path = UserProfileModel.swift; sourceTree = "<group>"; };
		0DF689A01D41E6A9001FC45A /* FaceShowViewController.swift */ = {isa = PBXFileReference; fileEncoding = 4; lastKnownFileType = sourcecode.swift; path = FaceShowViewController.swift; sourceTree = "<group>"; };
		0DF689A21D41EFEF001FC45A /* EditOtherViewController.swift */ = {isa = PBXFileReference; fileEncoding = 4; lastKnownFileType = sourcecode.swift; path = EditOtherViewController.swift; sourceTree = "<group>"; };
/* End PBXFileReference section */

/* Begin PBXFrameworksBuildPhase section */
		0D7FBC311CE80A6800775FCA /* Frameworks */ = {
			isa = PBXFrameworksBuildPhase;
			buildActionMask = 2147483647;
			files = (
				0D77858D1D53444900A74A30 /* MapKit.framework in Frameworks */,
			);
			runOnlyForDeploymentPostprocessing = 0;
		};
		0D7FBC471CE80A6900775FCA /* Frameworks */ = {
			isa = PBXFrameworksBuildPhase;
			buildActionMask = 2147483647;
			files = (
			);
			runOnlyForDeploymentPostprocessing = 0;
		};
		0D7FBC521CE80A6900775FCA /* Frameworks */ = {
			isa = PBXFrameworksBuildPhase;
			buildActionMask = 2147483647;
			files = (
			);
			runOnlyForDeploymentPostprocessing = 0;
		};
/* End PBXFrameworksBuildPhase section */

/* Begin PBXGroup section */
		0D46331B1D2825D80070A0AF /* Models */ = {
			isa = PBXGroup;
			children = (
				0D0C52AF1D257A840036F8A5 /* PreviewModel.swift */,
				0D8197251CEC8E3600CE0211 /* RoomInfoModel.swift */,
				0D7FBC741CE8152200775FCA /* ChooseAreaModel.swift */,
			);
			name = Models;
			sourceTree = "<group>";
		};
		0D46331C1D2825F30070A0AF /* Controllers */ = {
			isa = PBXGroup;
			children = (
				0D7FBC391CE80A6800775FCA /* MushroomViewController.swift */,
				0D7FBC721CE814EB00775FCA /* ChooseAreaViewController.swift */,
				0D4990091D48B8BD0007D99B /* PresentRoomDetailViewController.swift */,
				0DF373F71D6DA81100AC5E6B /* ShowMapViewController.swift */,
			);
			name = Controllers;
			sourceTree = "<group>";
		};
		0D7262B11D37563000ACB2B9 /* Models */ = {
			isa = PBXGroup;
			children = (
				0D7262AF1D3755AC00ACB2B9 /* StaticItemModel.swift */,
				0D2B9B2E1D3887A9006559F1 /* NotificationPreviewModel.swift */,
				0DF6899E1D41BD3C001FC45A /* UserProfileModel.swift */,
			);
			name = Models;
			sourceTree = "<group>";
		};
		0D7262B21D37E63A00ACB2B9 /* Controllers */ = {
			isa = PBXGroup;
			children = (
				0D7FBC6E1CE80C7000775FCA /* UserViewController.swift */,
				0D7785891D53436300A74A30 /* NeabyVCs */,
				0D7785881D5342F900A74A30 /* UserProfileVCs */,
				0D7785871D5342AB00A74A30 /* GeneralSetupVCs */,
			);
			name = Controllers;
			sourceTree = "<group>";
		};
		0D7785871D5342AB00A74A30 /* GeneralSetupVCs */ = {
			isa = PBXGroup;
			children = (
				0D7262B31D37E6BA00ACB2B9 /* GeneralDetailController.swift */,
				0D2B9B2B1D387723006559F1 /* NotificationViewController.swift */,
				0D32FEAF1D3DD0A2008E79CD /* FeedBackViewController.swift */,
				0D2B80BC1D3C70B2007FBB8A /* AboutUsViewController.swift */,
			);
			name = GeneralSetupVCs;
			sourceTree = "<group>";
		};
		0D7785881D5342F900A74A30 /* UserProfileVCs */ = {
			isa = PBXGroup;
			children = (
				0D9CE9861D419F6F004E1B27 /* AccountViewController.swift */,
				0D32FEAD1D3DBC99008E79CD /* NewMessageInformViewController.swift */,
				0D9CE9881D41AE6F004E1B27 /* EditProfilesViewController.swift */,
				0DF689A01D41E6A9001FC45A /* FaceShowViewController.swift */,
				0DF689A21D41EFEF001FC45A /* EditOtherViewController.swift */,
			);
			name = UserProfileVCs;
			sourceTree = "<group>";
		};
		0D7785891D53436300A74A30 /* NeabyVCs */ = {
			isa = PBXGroup;
			children = (
				0D7785911D534B7400A74A30 /* NearbyViewController.swift */,
			);
			name = NeabyVCs;
			sourceTree = "<group>";
		};
		0D780B9C1D6E9EAC00105124 /* Fonts */ = {
			isa = PBXGroup;
			children = (
				0D1707AD1D7090C6007675E1 /* Hannotate.ttc */,
			);
			name = Fonts;
			sourceTree = "<group>";
		};
		0D7FBC2B1CE80A6800775FCA = {
			isa = PBXGroup;
			children = (
				0D7FBC361CE80A6800775FCA /* 蘑菇房 */,
				0D7FBC4D1CE80A6900775FCA /* 蘑菇房Tests */,
				0D7FBC581CE80A6900775FCA /* 蘑菇房UITests */,
				0D7FBC351CE80A6800775FCA /* Products */,
			);
			sourceTree = "<group>";
		};
		0D7FBC351CE80A6800775FCA /* Products */ = {
			isa = PBXGroup;
			children = (
				0D7FBC341CE80A6800775FCA /* 蘑菇房.app */,
				0D7FBC4A1CE80A6900775FCA /* 蘑菇房Tests.xctest */,
				0D7FBC551CE80A6900775FCA /* 蘑菇房UITests.xctest */,
			);
			name = Products;
			sourceTree = "<group>";
		};
		0D7FBC361CE80A6800775FCA /* 蘑菇房 */ = {
			isa = PBXGroup;
			children = (
				0DB3ABEE1D7164320072E5F0 /* Frameworks */,
				0D780B9C1D6E9EAC00105124 /* Fonts */,
				0D8606AF1D62C0FF00CE3905 /* Storyboards */,
				0D7FBC6B1CE80BDA00775FCA /* Page_3_User */,
				0D7FBC691CE80BA000775FCA /* Page_2_Weather */,
				0D7FBC681CE80B7A00775FCA /* Page_1_MushRoom */,
				0D7FBC671CE80AAB00775FCA /* Supporting Files */,
				0D7FBC401CE80A6900775FCA /* Assets.xcassets */,
				0DC5263D1D61F88600B30F87 /* icon.jpg */,
				0D7FBC421CE80A6900775FCA /* LaunchScreen.storyboard */,
				0D7FBC451CE80A6900775FCA /* Info.plist */,
			);
			path = "蘑菇房";
			sourceTree = "<group>";
		};
		0D7FBC4D1CE80A6900775FCA /* 蘑菇房Tests */ = {
			isa = PBXGroup;
			children = (
				0D7FBC4E1CE80A6900775FCA /* ___Tests.swift */,
				0D7FBC501CE80A6900775FCA /* Info.plist */,
			);
			path = "蘑菇房Tests";
			sourceTree = "<group>";
		};
		0D7FBC581CE80A6900775FCA /* 蘑菇房UITests */ = {
			isa = PBXGroup;
			children = (
				0D7FBC591CE80A6900775FCA /* ___UITests.swift */,
				0D7FBC5B1CE80A6900775FCA /* Info.plist */,
			);
			path = "蘑菇房UITests";
			sourceTree = "<group>";
		};
		0D7FBC671CE80AAB00775FCA /* Supporting Files */ = {
			isa = PBXGroup;
			children = (
				0D7FBC371CE80A6800775FCA /* AppDelegate.swift */,
				0D2B80BA1D3BB2F9007FBB8A /* GLOBAL_VAR.swift */,
				0D9CE9841D40548F004E1B27 /* PublicStaticMethods.swift */,
			);
			name = "Supporting Files";
			sourceTree = "<group>";
		};
		0D7FBC681CE80B7A00775FCA /* Page_1_MushRoom */ = {
			isa = PBXGroup;
			children = (
				0D46331C1D2825F30070A0AF /* Controllers */,
				0D46331B1D2825D80070A0AF /* Models */,
			);
			name = Page_1_MushRoom;
			sourceTree = "<group>";
		};
		0D7FBC691CE80BA000775FCA /* Page_2_Weather */ = {
			isa = PBXGroup;
			children = (
				0D7FBC3B1CE80A6800775FCA /* WeatherViewController.swift */,
			);
			name = Page_2_Weather;
			sourceTree = "<group>";
		};
		0D7FBC6B1CE80BDA00775FCA /* Page_3_User */ = {
			isa = PBXGroup;
			children = (
				0D7262B21D37E63A00ACB2B9 /* Controllers */,
				0D7262B11D37563000ACB2B9 /* Models */,
			);
			name = Page_3_User;
			sourceTree = "<group>";
		};
		0D8606AF1D62C0FF00CE3905 /* Storyboards */ = {
			isa = PBXGroup;
			children = (
				0D7FBC3D1CE80A6900775FCA /* Main.storyboard */,
				0D8606AC1D62C02300CE3905 /* Page_3_User.storyboard */,
				0D8606A91D62BFCC00CE3905 /* Page_2_Weather.storyboard */,
				0D8606A61D62BF8E00CE3905 /* Page_1_MushRoom.storyboard */,
			);
			name = Storyboards;
			sourceTree = "<group>";
		};
		0DB3ABCE1D71516B0072E5F0 /* XWSwiftRefresh */ = {
			isa = PBXGroup;
			children = (
				0DB3ABCF1D71516B0072E5F0 /* common */,
				0DB3ABD31D71516B0072E5F0 /* Footer */,
				0DB3ABD81D71516B0072E5F0 /* Header */,
				0DB3ABDD1D71516B0072E5F0 /* Helper */,
				0DB3ABDF1D71516B0072E5F0 /* Icon */,
			);
			path = XWSwiftRefresh;
			sourceTree = "<group>";
		};
		0DB3ABCF1D71516B0072E5F0 /* common */ = {
			isa = PBXGroup;
			children = (
				0DB3ABD01D71516B0072E5F0 /* XWConst.swift */,
				0DB3ABD11D71516B0072E5F0 /* XWRefreshComponent.swift */,
				0DB3ABD21D71516B0072E5F0 /* XWShortcutMethod.swift */,
			);
			path = common;
			sourceTree = "<group>";
		};
		0DB3ABD31D71516B0072E5F0 /* Footer */ = {
			isa = PBXGroup;
			children = (
				0DB3ABD41D71516B0072E5F0 /* XWRefreshAutoFooter.swift */,
				0DB3ABD51D71516B0072E5F0 /* XWRefreshAutoNormalFooter.swift */,
				0DB3ABD61D71516B0072E5F0 /* XWRefreshAutoStateFooter.swift */,
				0DB3ABD71D71516B0072E5F0 /* XWRefreshFooter.swift */,
			);
			path = Footer;
			sourceTree = "<group>";
		};
		0DB3ABD81D71516B0072E5F0 /* Header */ = {
			isa = PBXGroup;
			children = (
				0DB3ABD91D71516B0072E5F0 /* XWRefreshGifHeader.swift */,
				0DB3ABDA1D71516B0072E5F0 /* XWRefreshHeader.swift */,
				0DB3ABDB1D71516B0072E5F0 /* XWRefreshNormalHeader.swift */,
				0DB3ABDC1D71516B0072E5F0 /* XWRefreshStateHeader.swift */,
			);
			path = Header;
			sourceTree = "<group>";
		};
		0DB3ABDD1D71516B0072E5F0 /* Helper */ = {
			isa = PBXGroup;
			children = (
				0DB3ABDE1D71516B0072E5F0 /* UIScrollViewExtension-XW.swift */,
			);
			path = Helper;
			sourceTree = "<group>";
		};
		0DB3ABDF1D71516B0072E5F0 /* Icon */ = {
			isa = PBXGroup;
			children = (
				0DB3ABE01D71516B0072E5F0 /* xw_icon.bundle */,
			);
			path = Icon;
			sourceTree = "<group>";
		};
		0DB3ABEE1D7164320072E5F0 /* Frameworks */ = {
			isa = PBXGroup;
			children = (
				0D77858C1D53444900A74A30 /* MapKit.framework */,
				0DB3ABCE1D71516B0072E5F0 /* XWSwiftRefresh */,
			);
			name = Frameworks;
			sourceTree = "<group>";
		};
/* End PBXGroup section */

/* Begin PBXNativeTarget section */
		0D7FBC331CE80A6800775FCA /* 蘑菇房 */ = {
			isa = PBXNativeTarget;
			buildConfigurationList = 0D7FBC5E1CE80A6900775FCA /* Build configuration list for PBXNativeTarget "蘑菇房" */;
			buildPhases = (
				0D7FBC301CE80A6800775FCA /* Sources */,
				0D7FBC311CE80A6800775FCA /* Frameworks */,
				0D7FBC321CE80A6800775FCA /* Resources */,
			);
			buildRules = (
			);
			dependencies = (
			);
			name = "蘑菇房";
			productName = "蘑菇房";
			productReference = 0D7FBC341CE80A6800775FCA /* 蘑菇房.app */;
			productType = "com.apple.product-type.application";
		};
		0D7FBC491CE80A6900775FCA /* 蘑菇房Tests */ = {
			isa = PBXNativeTarget;
			buildConfigurationList = 0D7FBC611CE80A6900775FCA /* Build configuration list for PBXNativeTarget "蘑菇房Tests" */;
			buildPhases = (
				0D7FBC461CE80A6900775FCA /* Sources */,
				0D7FBC471CE80A6900775FCA /* Frameworks */,
				0D7FBC481CE80A6900775FCA /* Resources */,
			);
			buildRules = (
			);
			dependencies = (
				0D7FBC4C1CE80A6900775FCA /* PBXTargetDependency */,
			);
			name = "蘑菇房Tests";
			productName = "蘑菇房Tests";
			productReference = 0D7FBC4A1CE80A6900775FCA /* 蘑菇房Tests.xctest */;
			productType = "com.apple.product-type.bundle.unit-test";
		};
		0D7FBC541CE80A6900775FCA /* 蘑菇房UITests */ = {
			isa = PBXNativeTarget;
			buildConfigurationList = 0D7FBC641CE80A6900775FCA /* Build configuration list for PBXNativeTarget "蘑菇房UITests" */;
			buildPhases = (
				0D7FBC511CE80A6900775FCA /* Sources */,
				0D7FBC521CE80A6900775FCA /* Frameworks */,
				0D7FBC531CE80A6900775FCA /* Resources */,
			);
			buildRules = (
			);
			dependencies = (
				0D7FBC571CE80A6900775FCA /* PBXTargetDependency */,
			);
			name = "蘑菇房UITests";
			productName = "蘑菇房UITests";
			productReference = 0D7FBC551CE80A6900775FCA /* 蘑菇房UITests.xctest */;
			productType = "com.apple.product-type.bundle.ui-testing";
		};
/* End PBXNativeTarget section */

/* Begin PBXProject section */
		0D7FBC2C1CE80A6800775FCA /* Project object */ = {
			isa = PBXProject;
			attributes = {
				LastSwiftUpdateCheck = 0730;
				LastUpgradeCheck = 0730;
				ORGANIZATIONNAME = "蘑菇房工作室";
				TargetAttributes = {
					0D7FBC331CE80A6800775FCA = {
						CreatedOnToolsVersion = 7.3.1;
						DevelopmentTeam = 62MK55KD7L;
						SystemCapabilities = {
							com.apple.Maps.iOS = {
								enabled = 1;
							};
						};
					};
					0D7FBC491CE80A6900775FCA = {
						CreatedOnToolsVersion = 7.3.1;
						TestTargetID = 0D7FBC331CE80A6800775FCA;
					};
					0D7FBC541CE80A6900775FCA = {
						CreatedOnToolsVersion = 7.3.1;
						TestTargetID = 0D7FBC331CE80A6800775FCA;
					};
				};
			};
			buildConfigurationList = 0D7FBC2F1CE80A6800775FCA /* Build configuration list for PBXProject "蘑菇房" */;
			compatibilityVersion = "Xcode 3.2";
			developmentRegion = English;
			hasScannedForEncodings = 0;
			knownRegions = (
				en,
				Base,
			);
			mainGroup = 0D7FBC2B1CE80A6800775FCA;
			productRefGroup = 0D7FBC351CE80A6800775FCA /* Products */;
			projectDirPath = "";
			projectRoot = "";
			targets = (
				0D7FBC331CE80A6800775FCA /* 蘑菇房 */,
				0D7FBC491CE80A6900775FCA /* 蘑菇房Tests */,
				0D7FBC541CE80A6900775FCA /* 蘑菇房UITests */,
			);
		};
/* End PBXProject section */

/* Begin PBXResourcesBuildPhase section */
		0D7FBC321CE80A6800775FCA /* Resources */ = {
			isa = PBXResourcesBuildPhase;
			buildActionMask = 2147483647;
			files = (
				0D7FBC441CE80A6900775FCA /* LaunchScreen.storyboard in Resources */,
				0DB3ABED1D71516B0072E5F0 /* xw_icon.bundle in Resources */,
				0D8606AB1D62BFCC00CE3905 /* Page_2_Weather.storyboard in Resources */,
				0D1707B01D7090C6007675E1 /* Hannotate.ttc in Resources */,
				0D8606A81D62BF8E00CE3905 /* Page_1_MushRoom.storyboard in Resources */,
				0DC5263E1D61F88600B30F87 /* icon.jpg in Resources */,
				0D7FBC411CE80A6900775FCA /* Assets.xcassets in Resources */,
				0D8606AE1D62C02300CE3905 /* Page_3_User.storyboard in Resources */,
				0D7FBC3F1CE80A6900775FCA /* Main.storyboard in Resources */,
			);
			runOnlyForDeploymentPostprocessing = 0;
		};
		0D7FBC481CE80A6900775FCA /* Resources */ = {
			isa = PBXResourcesBuildPhase;
			buildActionMask = 2147483647;
			files = (
			);
			runOnlyForDeploymentPostprocessing = 0;
		};
		0D7FBC531CE80A6900775FCA /* Resources */ = {
			isa = PBXResourcesBuildPhase;
			buildActionMask = 2147483647;
			files = (
			);
			runOnlyForDeploymentPostprocessing = 0;
		};
/* End PBXResourcesBuildPhase section */

/* Begin PBXSourcesBuildPhase section */
		0D7FBC301CE80A6800775FCA /* Sources */ = {
			isa = PBXSourcesBuildPhase;
			buildActionMask = 2147483647;
			files = (
				0D7FBC3C1CE80A6800775FCA /* WeatherViewController.swift in Sources */,
				0D32FEB01D3DD0A2008E79CD /* FeedBackViewController.swift in Sources */,
				0DB3ABE41D71516B0072E5F0 /* XWRefreshAutoFooter.swift in Sources */,
				0DF689A11D41E6A9001FC45A /* FaceShowViewController.swift in Sources */,
				0D7FBC6F1CE80C7000775FCA /* UserViewController.swift in Sources */,
				0DB3ABE91D71516B0072E5F0 /* XWRefreshHeader.swift in Sources */,
				0DB3ABE11D71516B0072E5F0 /* XWConst.swift in Sources */,
				0D7FBC751CE8152200775FCA /* ChooseAreaModel.swift in Sources */,
				0DF373F81D6DA81100AC5E6B /* ShowMapViewController.swift in Sources */,
				0D7785921D534B7400A74A30 /* NearbyViewController.swift in Sources */,
				0D8197261CEC8E3600CE0211 /* RoomInfoModel.swift in Sources */,
				0DB3ABE31D71516B0072E5F0 /* XWShortcutMethod.swift in Sources */,
				0DB3ABE21D71516B0072E5F0 /* XWRefreshComponent.swift in Sources */,
				0D2B80BB1D3BB2F9007FBB8A /* GLOBAL_VAR.swift in Sources */,
				0D0C52B01D257A840036F8A5 /* PreviewModel.swift in Sources */,
				0D49900A1D48B8BD0007D99B /* PresentRoomDetailViewController.swift in Sources */,
				0D7262B41D37E6BA00ACB2B9 /* GeneralDetailController.swift in Sources */,
				0DB3ABEC1D71516B0072E5F0 /* UIScrollViewExtension-XW.swift in Sources */,
				0D7262B01D3755AC00ACB2B9 /* StaticItemModel.swift in Sources */,
				0DB3ABE51D71516B0072E5F0 /* XWRefreshAutoNormalFooter.swift in Sources */,
				0DF689A31D41EFEF001FC45A /* EditOtherViewController.swift in Sources */,
				0DB3ABEA1D71516B0072E5F0 /* XWRefreshNormalHeader.swift in Sources */,
				0DB3ABEB1D71516B0072E5F0 /* XWRefreshStateHeader.swift in Sources */,
				0DB3ABE81D71516B0072E5F0 /* XWRefreshGifHeader.swift in Sources */,
				0D32FEAE1D3DBC99008E79CD /* NewMessageInformViewController.swift in Sources */,
				0D2B80BD1D3C70B2007FBB8A /* AboutUsViewController.swift in Sources */,
				0D2B9B2F1D3887A9006559F1 /* NotificationPreviewModel.swift in Sources */,
				0D9CE9871D419F6F004E1B27 /* AccountViewController.swift in Sources */,
				0D7FBC731CE814EB00775FCA /* ChooseAreaViewController.swift in Sources */,
				0D2B9B2C1D387723006559F1 /* NotificationViewController.swift in Sources */,
				0D7FBC381CE80A6800775FCA /* AppDelegate.swift in Sources */,
				0DF6899F1D41BD3C001FC45A /* UserProfileModel.swift in Sources */,
				0D7FBC3A1CE80A6800775FCA /* MushroomViewController.swift in Sources */,
				0D9CE9891D41AE6F004E1B27 /* EditProfilesViewController.swift in Sources */,
				0DB3ABE71D71516B0072E5F0 /* XWRefreshFooter.swift in Sources */,
				0D9CE9851D40548F004E1B27 /* PublicStaticMethods.swift in Sources */,
				0DB3ABE61D71516B0072E5F0 /* XWRefreshAutoStateFooter.swift in Sources */,
			);
			runOnlyForDeploymentPostprocessing = 0;
		};
		0D7FBC461CE80A6900775FCA /* Sources */ = {
			isa = PBXSourcesBuildPhase;
			buildActionMask = 2147483647;
			files = (
				0D7FBC4F1CE80A6900775FCA /* ___Tests.swift in Sources */,
			);
			runOnlyForDeploymentPostprocessing = 0;
		};
		0D7FBC511CE80A6900775FCA /* Sources */ = {
			isa = PBXSourcesBuildPhase;
			buildActionMask = 2147483647;
			files = (
				0D7FBC5A1CE80A6900775FCA /* ___UITests.swift in Sources */,
			);
			runOnlyForDeploymentPostprocessing = 0;
		};
/* End PBXSourcesBuildPhase section */

/* Begin PBXTargetDependency section */
		0D7FBC4C1CE80A6900775FCA /* PBXTargetDependency */ = {
			isa = PBXTargetDependency;
			target = 0D7FBC331CE80A6800775FCA /* 蘑菇房 */;
			targetProxy = 0D7FBC4B1CE80A6900775FCA /* PBXContainerItemProxy */;
		};
		0D7FBC571CE80A6900775FCA /* PBXTargetDependency */ = {
			isa = PBXTargetDependency;
			target = 0D7FBC331CE80A6800775FCA /* 蘑菇房 */;
			targetProxy = 0D7FBC561CE80A6900775FCA /* PBXContainerItemProxy */;
		};
/* End PBXTargetDependency section */

/* Begin PBXVariantGroup section */
		0D7FBC3D1CE80A6900775FCA /* Main.storyboard */ = {
			isa = PBXVariantGroup;
			children = (
				0D7FBC3E1CE80A6900775FCA /* Base */,
			);
			name = Main.storyboard;
			sourceTree = "<group>";
		};
		0D7FBC421CE80A6900775FCA /* LaunchScreen.storyboard */ = {
			isa = PBXVariantGroup;
			children = (
				0D7FBC431CE80A6900775FCA /* Base */,
			);
			name = LaunchScreen.storyboard;
			sourceTree = "<group>";
		};
		0D8606A61D62BF8E00CE3905 /* Page_1_MushRoom.storyboard */ = {
			isa = PBXVariantGroup;
			children = (
				0D8606A71D62BF8E00CE3905 /* Base */,
			);
			name = Page_1_MushRoom.storyboard;
			sourceTree = "<group>";
		};
		0D8606A91D62BFCC00CE3905 /* Page_2_Weather.storyboard */ = {
			isa = PBXVariantGroup;
			children = (
				0D8606AA1D62BFCC00CE3905 /* Base */,
			);
			name = Page_2_Weather.storyboard;
			sourceTree = "<group>";
		};
		0D8606AC1D62C02300CE3905 /* Page_3_User.storyboard */ = {
			isa = PBXVariantGroup;
			children = (
				0D8606AD1D62C02300CE3905 /* Base */,
			);
			name = Page_3_User.storyboard;
			sourceTree = "<group>";
		};
/* End PBXVariantGroup section */

/* Begin XCBuildConfiguration section */
		0D7FBC5C1CE80A6900775FCA /* Debug */ = {
			isa = XCBuildConfiguration;
			buildSettings = {
				ALWAYS_SEARCH_USER_PATHS = NO;
				CLANG_ANALYZER_NONNULL = YES;
				CLANG_CXX_LANGUAGE_STANDARD = "gnu++0x";
				CLANG_CXX_LIBRARY = "libc++";
				CLANG_ENABLE_MODULES = YES;
				CLANG_ENABLE_OBJC_ARC = YES;
				CLANG_WARN_BOOL_CONVERSION = YES;
				CLANG_WARN_CONSTANT_CONVERSION = YES;
				CLANG_WARN_DIRECT_OBJC_ISA_USAGE = YES_ERROR;
				CLANG_WARN_EMPTY_BODY = YES;
				CLANG_WARN_ENUM_CONVERSION = YES;
				CLANG_WARN_INT_CONVERSION = YES;
				CLANG_WARN_OBJC_ROOT_CLASS = YES_ERROR;
				CLANG_WARN_UNREACHABLE_CODE = YES;
				CLANG_WARN__DUPLICATE_METHOD_MATCH = YES;
				"CODE_SIGN_IDENTITY[sdk=iphoneos*]" = "iPhone Developer";
				COPY_PHASE_STRIP = NO;
				DEBUG_INFORMATION_FORMAT = dwarf;
				ENABLE_STRICT_OBJC_MSGSEND = YES;
				ENABLE_TESTABILITY = YES;
				GCC_C_LANGUAGE_STANDARD = gnu99;
				GCC_DYNAMIC_NO_PIC = NO;
				GCC_NO_COMMON_BLOCKS = YES;
				GCC_OPTIMIZATION_LEVEL = 0;
				GCC_PREPROCESSOR_DEFINITIONS = (
					"DEBUG=1",
					"$(inherited)",
				);
				GCC_WARN_64_TO_32_BIT_CONVERSION = YES;
				GCC_WARN_ABOUT_RETURN_TYPE = YES_ERROR;
				GCC_WARN_UNDECLARED_SELECTOR = YES;
				GCC_WARN_UNINITIALIZED_AUTOS = YES_AGGRESSIVE;
				GCC_WARN_UNUSED_FUNCTION = YES;
				GCC_WARN_UNUSED_VARIABLE = YES;
				IPHONEOS_DEPLOYMENT_TARGET = 9.3;
				MTL_ENABLE_DEBUG_INFO = YES;
				ONLY_ACTIVE_ARCH = YES;
				SDKROOT = iphoneos;
				SWIFT_OPTIMIZATION_LEVEL = "-Onone";
				TARGETED_DEVICE_FAMILY = "1,2";
			};
			name = Debug;
		};
		0D7FBC5D1CE80A6900775FCA /* Release */ = {
			isa = XCBuildConfiguration;
			buildSettings = {
				ALWAYS_SEARCH_USER_PATHS = NO;
				CLANG_ANALYZER_NONNULL = YES;
				CLANG_CXX_LANGUAGE_STANDARD = "gnu++0x";
				CLANG_CXX_LIBRARY = "libc++";
				CLANG_ENABLE_MODULES = YES;
				CLANG_ENABLE_OBJC_ARC = YES;
				CLANG_WARN_BOOL_CONVERSION = YES;
				CLANG_WARN_CONSTANT_CONVERSION = YES;
				CLANG_WARN_DIRECT_OBJC_ISA_USAGE = YES_ERROR;
				CLANG_WARN_EMPTY_BODY = YES;
				CLANG_WARN_ENUM_CONVERSION = YES;
				CLANG_WARN_INT_CONVERSION = YES;
				CLANG_WARN_OBJC_ROOT_CLASS = YES_ERROR;
				CLANG_WARN_UNREACHABLE_CODE = YES;
				CLANG_WARN__DUPLICATE_METHOD_MATCH = YES;
				"CODE_SIGN_IDENTITY[sdk=iphoneos*]" = "iPhone Developer";
				COPY_PHASE_STRIP = NO;
				DEBUG_INFORMATION_FORMAT = "dwarf-with-dsym";
				ENABLE_NS_ASSERTIONS = NO;
				ENABLE_STRICT_OBJC_MSGSEND = YES;
				GCC_C_LANGUAGE_STANDARD = gnu99;
				GCC_NO_COMMON_BLOCKS = YES;
				GCC_WARN_64_TO_32_BIT_CONVERSION = YES;
				GCC_WARN_ABOUT_RETURN_TYPE = YES_ERROR;
				GCC_WARN_UNDECLARED_SELECTOR = YES;
				GCC_WARN_UNINITIALIZED_AUTOS = YES_AGGRESSIVE;
				GCC_WARN_UNUSED_FUNCTION = YES;
				GCC_WARN_UNUSED_VARIABLE = YES;
				IPHONEOS_DEPLOYMENT_TARGET = 9.3;
				MTL_ENABLE_DEBUG_INFO = NO;
				SDKROOT = iphoneos;
				TARGETED_DEVICE_FAMILY = "1,2";
				VALIDATE_PRODUCT = YES;
			};
			name = Release;
		};
		0D7FBC5F1CE80A6900775FCA /* Debug */ = {
			isa = XCBuildConfiguration;
			buildSettings = {
				ASSETCATALOG_COMPILER_APPICON_NAME = AppIcon;
				ASSETCATALOG_COMPILER_LAUNCHIMAGE_NAME = "Brand Assets";
				CODE_SIGN_IDENTITY = "iPhone Developer";
				"CODE_SIGN_IDENTITY[sdk=iphoneos*]" = "iPhone Developer";
				FRAMEWORK_SEARCH_PATHS = (
					"$(inherited)",
					"$(PROJECT_DIR)",
				);
				INFOPLIST_FILE = "蘑菇房/Info.plist";
				LD_RUNPATH_SEARCH_PATHS = "$(inherited) @executable_path/Frameworks";
				PRODUCT_BUNDLE_IDENTIFIER = edu.gxu.cn.mushroom;
				PRODUCT_NAME = "$(TARGET_NAME)";
				PROVISIONING_PROFILE = "";
				TARGETED_DEVICE_FAMILY = "1,2";
			};
			name = Debug;
		};
		0D7FBC601CE80A6900775FCA /* Release */ = {
			isa = XCBuildConfiguration;
			buildSettings = {
				ASSETCATALOG_COMPILER_APPICON_NAME = AppIcon;
				ASSETCATALOG_COMPILER_LAUNCHIMAGE_NAME = "Brand Assets";
				CODE_SIGN_IDENTITY = "iPhone Developer";
				"CODE_SIGN_IDENTITY[sdk=iphoneos*]" = "iPhone Developer";
				FRAMEWORK_SEARCH_PATHS = (
					"$(inherited)",
					"$(PROJECT_DIR)",
				);
				INFOPLIST_FILE = "蘑菇房/Info.plist";
				LD_RUNPATH_SEARCH_PATHS = "$(inherited) @executable_path/Frameworks";
				PRODUCT_BUNDLE_IDENTIFIER = edu.gxu.cn.mushroom;
				PRODUCT_NAME = "$(TARGET_NAME)";
				PROVISIONING_PROFILE = "";
				TARGETED_DEVICE_FAMILY = "1,2";
			};
			name = Release;
		};
		0D7FBC621CE80A6900775FCA /* Debug */ = {
			isa = XCBuildConfiguration;
			buildSettings = {
				BUNDLE_LOADER = "$(TEST_HOST)";
				INFOPLIST_FILE = "蘑菇房Tests/Info.plist";
				LD_RUNPATH_SEARCH_PATHS = "$(inherited) @executable_path/Frameworks @loader_path/Frameworks";
				PRODUCT_BUNDLE_IDENTIFIER = "edu.gxu.cn.---Tests";
				PRODUCT_NAME = "$(TARGET_NAME)";
				TEST_HOST = "$(BUILT_PRODUCTS_DIR)/蘑菇房.app/蘑菇房";
			};
			name = Debug;
		};
		0D7FBC631CE80A6900775FCA /* Release */ = {
			isa = XCBuildConfiguration;
			buildSettings = {
				BUNDLE_LOADER = "$(TEST_HOST)";
				INFOPLIST_FILE = "蘑菇房Tests/Info.plist";
				LD_RUNPATH_SEARCH_PATHS = "$(inherited) @executable_path/Frameworks @loader_path/Frameworks";
				PRODUCT_BUNDLE_IDENTIFIER = "edu.gxu.cn.---Tests";
				PRODUCT_NAME = "$(TARGET_NAME)";
				TEST_HOST = "$(BUILT_PRODUCTS_DIR)/蘑菇房.app/蘑菇房";
			};
			name = Release;
		};
		0D7FBC651CE80A6900775FCA /* Debug */ = {
			isa = XCBuildConfiguration;
			buildSettings = {
				INFOPLIST_FILE = "蘑菇房UITests/Info.plist";
				LD_RUNPATH_SEARCH_PATHS = "$(inherited) @executable_path/Frameworks @loader_path/Frameworks";
				PRODUCT_BUNDLE_IDENTIFIER = "edu.gxu.cn.---UITests";
				PRODUCT_NAME = "$(TARGET_NAME)";
				TEST_TARGET_NAME = "蘑菇房";
			};
			name = Debug;
		};
		0D7FBC661CE80A6900775FCA /* Release */ = {
			isa = XCBuildConfiguration;
			buildSettings = {
				INFOPLIST_FILE = "蘑菇房UITests/Info.plist";
				LD_RUNPATH_SEARCH_PATHS = "$(inherited) @executable_path/Frameworks @loader_path/Frameworks";
				PRODUCT_BUNDLE_IDENTIFIER = "edu.gxu.cn.---UITests";
				PRODUCT_NAME = "$(TARGET_NAME)";
				TEST_TARGET_NAME = "蘑菇房";
			};
			name = Release;
		};
/* End XCBuildConfiguration section */

/* Begin XCConfigurationList section */
		0D7FBC2F1CE80A6800775FCA /* Build configuration list for PBXProject "蘑菇房" */ = {
			isa = XCConfigurationList;
			buildConfigurations = (
				0D7FBC5C1CE80A6900775FCA /* Debug */,
				0D7FBC5D1CE80A6900775FCA /* Release */,
			);
			defaultConfigurationIsVisible = 0;
			defaultConfigurationName = Release;
		};
		0D7FBC5E1CE80A6900775FCA /* Build configuration list for PBXNativeTarget "蘑菇房" */ = {
			isa = XCConfigurationList;
			buildConfigurations = (
				0D7FBC5F1CE80A6900775FCA /* Debug */,
				0D7FBC601CE80A6900775FCA /* Release */,
			);
			defaultConfigurationIsVisible = 0;
			defaultConfigurationName = Release;
		};
		0D7FBC611CE80A6900775FCA /* Build configuration list for PBXNativeTarget "蘑菇房Tests" */ = {
			isa = XCConfigurationList;
			buildConfigurations = (
				0D7FBC621CE80A6900775FCA /* Debug */,
				0D7FBC631CE80A6900775FCA /* Release */,
			);
			defaultConfigurationIsVisible = 0;
			defaultConfigurationName = Release;
		};
		0D7FBC641CE80A6900775FCA /* Build configuration list for PBXNativeTarget "蘑菇房UITests" */ = {
			isa = XCConfigurationList;
			buildConfigurations = (
				0D7FBC651CE80A6900775FCA /* Debug */,
				0D7FBC661CE80A6900775FCA /* Release */,
			);
			defaultConfigurationIsVisible = 0;
			defaultConfigurationName = Release;
		};
/* End XCConfigurationList section */
	};
	rootObject = 0D7FBC2C1CE80A6800775FCA /* Project object */;
}
