<?xml version="1.0" encoding="UTF-8"?>
<Scheme
   LastUpgradeVersion = "0800"
   version = "1.7">
   <BuildAction
      parallelizeBuildables = "YES"
      buildImplicitDependencies = "YES">
      <BuildActionEntries>
         <BuildActionEntry
            buildForTesting = "YES"
            buildForRunning = "YES"
            buildForProfiling = "YES"
            buildForArchiving = "YES"
            buildForAnalyzing = "YES">
            <BuildableReference
               BuildableIdentifier = "primary"
               BlueprintIdentifier = "0D7FBC331CE80A6800775FCA"
               BuildableName = "&#x8611;&#x83c7;&#x623f;.app"
               BlueprintName = "&#x8611;&#x83c7;&#x623f;"
               ReferencedContainer = "container:&#x8611;&#x83c7;&#x623f;.xcodeproj">
            </BuildableReference>
         </BuildActionEntry>
      </BuildActionEntries>
   </BuildAction>
   <TestAction
      buildConfiguration = "Debug"
      selectedDebuggerIdentifier = "Xcode.DebuggerFoundation.Debugger.LLDB"
      selectedLauncherIdentifier = "Xcode.DebuggerFoundation.Launcher.LLDB"
      shouldUseLaunchSchemeArgsEnv = "YES">
      <Testables>
         <TestableReference
            skipped = "NO">
            <BuildableReference
               BuildableIdentifier = "primary"
               BlueprintIdentifier = "0D7FBC491CE80A6900775FCA"
               BuildableName = "&#x8611;&#x83c7;&#x623f;Tests.xctest"
               BlueprintName = "&#x8611;&#x83c7;&#x623f;Tests"
               ReferencedContainer = "container:&#x8611;&#x83c7;&#x623f;.xcodeproj">
            </BuildableReference>
         </TestableReference>
         <TestableReference
            skipped = "NO">
            <BuildableReference
               BuildableIdentifier = "primary"
               BlueprintIdentifier = "0D7FBC541CE80A6900775FCA"
               BuildableName = "&#x8611;&#x83c7;&#x623f;UITests.xctest"
               BlueprintName = "&#x8611;&#x83c7;&#x623f;UITests"
               ReferencedContainer = "container:&#x8611;&#x83c7;&#x623f;.xcodeproj">
            </BuildableReference>
         </TestableReference>
      </Testables>
      <MacroExpansion>
         <BuildableReference
            BuildableIdentifier = "primary"
            BlueprintIdentifier = "0D7FBC331CE80A6800775FCA"
            BuildableName = "&#x8611;&#x83c7;&#x623f;.app"
            BlueprintName = "&#x8611;&#x83c7;&#x623f;"
            ReferencedContainer = "container:&#x8611;&#x83c7;&#x623f;.xcodeproj">
         </BuildableReference>
      </MacroExpansion>
      <AdditionalOptions>
      </AdditionalOptions>
   </TestAction>
   <LaunchAction
      buildConfiguration = "Debug"
      selectedDebuggerIdentifier = "Xcode.DebuggerFoundation.Debugger.LLDB"
      selectedLauncherIdentifier = "Xcode.DebuggerFoundation.Launcher.LLDB"
      launchStyle = "0"
      useCustomWorkingDirectory = "NO"
      ignoresPersistentStateOnLaunch = "NO"
      debugDocumentVersioning = "YES"
      debugServiceExtension = "internal"
      allowLocationSimulation = "YES">
      <BuildableProductRunnable
         runnableDebuggingMode = "0">
         <BuildableReference
            BuildableIdentifier = "primary"
            BlueprintIdentifier = "0D7FBC331CE80A6800775FCA"
            BuildableName = "&#x8611;&#x83c7;&#x623f;.app"
            BlueprintName = "&#x8611;&#x83c7;&#x623f;"
            ReferencedContainer = "container:&#x8611;&#x83c7;&#x623f;.xcodeproj">
         </BuildableReference>
      </BuildableProductRunnable>
      <AdditionalOptions>
      </AdditionalOptions>
      <LocationScenarioReference
         identifier = "Hong Kong, China"
         referenceType = "1">
      </LocationScenarioReference>
   </LaunchAction>
   <ProfileAction
      buildConfiguration = "Release"
      shouldUseLaunchSchemeArgsEnv = "YES"
      savedToolIdentifier = ""
      useCustomWorkingDirectory = "NO"
      debugDocumentVersioning = "YES">
      <BuildableProductRunnable
         runnableDebuggingMode = "0">
         <BuildableReference
            BuildableIdentifier = "primary"
            BlueprintIdentifier = "0D7FBC331CE80A6800775FCA"
            BuildableName = "&#x8611;&#x83c7;&#x623f;.app"
            BlueprintName = "&#x8611;&#x83c7;&#x623f;"
            ReferencedContainer = "container:&#x8611;&#x83c7;&#x623f;.xcodeproj">
         </BuildableReference>
      </BuildableProductRunnable>
   </ProfileAction>
   <AnalyzeAction
      buildConfiguration = "Debug">
   </AnalyzeAction>
   <ArchiveAction
      buildConfiguration = "Release"
      revealArchiveInOrganizer = "YES">
   </ArchiveAction>
</Scheme>
